
Microsoft Visual Studio Solution File, Format Version 12.00
# Visual Studio Version 16
VisualStudioVersion = 16.0.30711.63
MinimumVisualStudioVersion = 10.0.40219.1
Project("{FAE04EC0-301F-11D3-BF4B-00C04F79EFBC}") = "Cstestclient", "Cstestclient\Cstestclient.csproj", "{565E9CCA-8827-4AA8-9B07-DE9BC07BABA8}"
EndProject
Global
	GlobalSection(SolutionConfigurationPlatforms) = preSolution
		Debug|Any CPU = Debug|Any CPU
		Release|Any CPU = Release|Any CPU
	EndGlobalSection
	GlobalSection(ProjectConfigurationPlatforms) = postSolution
		{565E9CCA-8827-4AA8-9B07-DE9BC07BABA8}.Debug|Any CPU.ActiveCfg = Debug|Any CPU
		{565E9CCA-8827-4AA8-9B07-DE9BC07BABA8}.Debug|Any CPU.Build.0 = Debug|Any CPU
		{565E9CCA-8827-4AA8-9B07-DE9BC07BABA8}.Release|Any CPU.ActiveCfg = Release|Any CPU
		{565E9CCA-8827-4AA8-9B07-DE9BC07BABA8}.Release|Any CPU.Build.0 = Release|Any CPU
	EndGlobalSection
	GlobalSection(SolutionProperties) = preSolution
		HideSolutionNode = FALSE
	EndGlobalSection
	GlobalSection(ExtensibilityGlobals) = postSolution
		SolutionGuid = {95312E70-6C0C-4119-A76A-4BACD5B575B3}
	EndGlobalSection
EndGlobal
