
Microsoft Visual Studio Solution File, Format Version 12.00
# Visual Studio Version 16
VisualStudioVersion = 16.0.29613.14
MinimumVisualStudioVersion = 10.0.40219.1
Project("{FAE04EC0-301F-11D3-BF4B-00C04F79EFBC}") = "desktopClient", "desktopClient\desktopClient.csproj", "{3265493A-C57B-4E40-83DD-6B2FB5A03DC8}"
EndProject
Global
	GlobalSection(SolutionConfigurationPlatforms) = preSolution
		Debug|Any CPU = Debug|Any CPU
		Release|Any CPU = Release|Any CPU
	EndGlobalSection
	GlobalSection(ProjectConfigurationPlatforms) = postSolution
		{3265493A-C57B-4E40-83DD-6B2FB5A03DC8}.Debug|Any CPU.ActiveCfg = Debug|Any CPU
		{3265493A-C57B-4E40-83DD-6B2FB5A03DC8}.Debug|Any CPU.Build.0 = Debug|Any CPU
		{3265493A-C57B-4E40-83DD-6B2FB5A03DC8}.Release|Any CPU.ActiveCfg = Release|Any CPU
		{3265493A-C57B-4E40-83DD-6B2FB5A03DC8}.Release|Any CPU.Build.0 = Release|Any CPU
	EndGlobalSection
	GlobalSection(SolutionProperties) = preSolution
		HideSolutionNode = FALSE
	EndGlobalSection
	GlobalSection(ExtensibilityGlobals) = postSolution
		SolutionGuid = {56145826-C17A-4B1C-A267-10F6D7E72C48}
	EndGlobalSection
EndGlobal
